
Microsoft Visual Studio Solution File, Format Version 12.00
Project("{FAE04EC0-301F-11D3-BF4B-00C04F79EFBC}") = "EnumerableToStream.Tests", "EnumerableToStream.Tests\EnumerableToStream.Tests.csproj", "{FB9F98D8-D395-4B97-A3E3-88383049977C}"
EndProject
Project("{FAE04EC0-301F-11D3-BF4B-00C04F79EFBC}") = "EnumerableToStream", "EnumerableToStream\EnumerableToStream.csproj", "{1AAEB4E3-2221-48CB-8FAA-B03A6F9F4C9E}"
EndProject
Global
	GlobalSection(SolutionConfigurationPlatforms) = preSolution
		Debug|Any CPU = Debug|Any CPU
		Release|Any CPU = Release|Any CPU
	EndGlobalSection
	GlobalSection(ProjectConfigurationPlatforms) = postSolution
		{FB9F98D8-D395-4B97-A3E3-88383049977C}.Debug|Any CPU.ActiveCfg = Debug|Any CPU
		{FB9F98D8-D395-4B97-A3E3-88383049977C}.Debug|Any CPU.Build.0 = Debug|Any CPU
		{FB9F98D8-D395-4B97-A3E3-88383049977C}.Release|Any CPU.ActiveCfg = Release|Any CPU
		{FB9F98D8-D395-4B97-A3E3-88383049977C}.Release|Any CPU.Build.0 = Release|Any CPU
		{1AAEB4E3-2221-48CB-8FAA-B03A6F9F4C9E}.Debug|Any CPU.ActiveCfg = Debug|Any CPU
		{1AAEB4E3-2221-48CB-8FAA-B03A6F9F4C9E}.Debug|Any CPU.Build.0 = Debug|Any CPU
		{1AAEB4E3-2221-48CB-8FAA-B03A6F9F4C9E}.Release|Any CPU.ActiveCfg = Release|Any CPU
		{1AAEB4E3-2221-48CB-8FAA-B03A6F9F4C9E}.Release|Any CPU.Build.0 = Release|Any CPU
	EndGlobalSection
EndGlobal
